
Microsoft Visual Studio Solution File, Format Version 12.00
# Visual Studio Version 17
VisualStudioVersion = 17.3.32901.215
MinimumVisualStudioVersion = 10.0.40219.1
Project("{FAE04EC0-301F-11D3-BF4B-00C04F79EFBC}") = "BlazorInABox", "BlazorInABox.csproj", "{ADDE6B2A-1C38-4A69-962F-E5CAE1A5ADC2}"
EndProject
Global
	GlobalSection(SolutionConfigurationPlatforms) = preSolution
		Debug|Any CPU = Debug|Any CPU
		Release|Any CPU = Release|Any CPU
	EndGlobalSection
	GlobalSection(ProjectConfigurationPlatforms) = postSolution
		{ADDE6B2A-1C38-4A69-962F-E5CAE1A5ADC2}.Debug|Any CPU.ActiveCfg = Debug|Any CPU
		{ADDE6B2A-1C38-4A69-962F-E5CAE1A5ADC2}.Debug|Any CPU.Build.0 = Debug|Any CPU
		{ADDE6B2A-1C38-4A69-962F-E5CAE1A5ADC2}.Release|Any CPU.ActiveCfg = Release|Any CPU
		{ADDE6B2A-1C38-4A69-962F-E5CAE1A5ADC2}.Release|Any CPU.Build.0 = Release|Any CPU
	EndGlobalSection
	GlobalSection(SolutionProperties) = preSolution
		HideSolutionNode = FALSE
	EndGlobalSection
	GlobalSection(ExtensibilityGlobals) = postSolution
		SolutionGuid = {04F53FE2-D0B2-4D2A-8907-8BC75D86DECF}
	EndGlobalSection
EndGlobal
